
Microsoft Visual Studio Solution File, Format Version 12.00
# Visual Studio Version 16
VisualStudioVersion = 16.0.33529.622
MinimumVisualStudioVersion = 10.0.40219.1
Project("{FAE04EC0-301F-11D3-BF4B-00C04F79EFBC}") = "BHC_B_5", "BHC_B_5\BHC_B_5.csproj", "{0F0994B2-C8CD-4C2F-9BDA-8A609DE80CAF}"
EndProject
Global
	GlobalSection(SolutionConfigurationPlatforms) = preSolution
		Debug|Any CPU = Debug|Any CPU
		Release|Any CPU = Release|Any CPU
	EndGlobalSection
	GlobalSection(ProjectConfigurationPlatforms) = postSolution
		{0F0994B2-C8CD-4C2F-9BDA-8A609DE80CAF}.Debug|Any CPU.ActiveCfg = Debug|Any CPU
		{0F0994B2-C8CD-4C2F-9BDA-8A609DE80CAF}.Debug|Any CPU.Build.0 = Debug|Any CPU
		{0F0994B2-C8CD-4C2F-9BDA-8A609DE80CAF}.Release|Any CPU.ActiveCfg = Release|Any CPU
		{0F0994B2-C8CD-4C2F-9BDA-8A609DE80CAF}.Release|Any CPU.Build.0 = Release|Any CPU
	EndGlobalSection
	GlobalSection(SolutionProperties) = preSolution
		HideSolutionNode = FALSE
	EndGlobalSection
	GlobalSection(ExtensibilityGlobals) = postSolution
		SolutionGuid = {AAE84B12-1B7B-4DE2-8399-05A6ADF92143}
	EndGlobalSection
EndGlobal
